
Microsoft Visual Studio Solution File, Format Version 12.00
# Visual Studio Version 16
VisualStudioVersion = 16.0.30717.126
MinimumVisualStudioVersion = 10.0.40219.1
Project("{9A19103F-16F7-4668-BE54-9A1E7A4F7556}") = "Xabbo.GEarth", "Xabbo.GEarth\Xabbo.GEarth.csproj", "{688CC1E7-8EF5-40F5-BFC3-62045BF13120}"
EndProject
Project("{2150E333-8FDC-42A3-9474-1A3956D46DE8}") = "Submodules", "Submodules", "{E8BF5185-9038-4A99-8EB1-9A3C2686D7AE}"
EndProject
Project("{9A19103F-16F7-4668-BE54-9A1E7A4F7556}") = "Xabbo.Common", "Xabbo.Common\Xabbo.Common\Xabbo.Common.csproj", "{3AB6A399-E23E-49F8-9CAF-61EBBDF1747C}"
EndProject
Global
	GlobalSection(SolutionConfigurationPlatforms) = preSolution
		Debug|Any CPU = Debug|Any CPU
		Develop|Any CPU = Develop|Any CPU
		Release|Any CPU = Release|Any CPU
	EndGlobalSection
	GlobalSection(ProjectConfigurationPlatforms) = postSolution
		{688CC1E7-8EF5-40F5-BFC3-62045BF13120}.Debug|Any CPU.ActiveCfg = Debug|Any CPU
		{688CC1E7-8EF5-40F5-BFC3-62045BF13120}.Debug|Any CPU.Build.0 = Debug|Any CPU
		{688CC1E7-8EF5-40F5-BFC3-62045BF13120}.Develop|Any CPU.ActiveCfg = Develop|Any CPU
		{688CC1E7-8EF5-40F5-BFC3-62045BF13120}.Develop|Any CPU.Build.0 = Develop|Any CPU
		{688CC1E7-8EF5-40F5-BFC3-62045BF13120}.Release|Any CPU.ActiveCfg = Release|Any CPU
		{688CC1E7-8EF5-40F5-BFC3-62045BF13120}.Release|Any CPU.Build.0 = Release|Any CPU
		{3AB6A399-E23E-49F8-9CAF-61EBBDF1747C}.Debug|Any CPU.ActiveCfg = Debug|Any CPU
		{3AB6A399-E23E-49F8-9CAF-61EBBDF1747C}.Debug|Any CPU.Build.0 = Debug|Any CPU
		{3AB6A399-E23E-49F8-9CAF-61EBBDF1747C}.Develop|Any CPU.ActiveCfg = Debug|Any CPU
		{3AB6A399-E23E-49F8-9CAF-61EBBDF1747C}.Develop|Any CPU.Build.0 = Debug|Any CPU
		{3AB6A399-E23E-49F8-9CAF-61EBBDF1747C}.Release|Any CPU.ActiveCfg = Release|Any CPU
		{3AB6A399-E23E-49F8-9CAF-61EBBDF1747C}.Release|Any CPU.Build.0 = Release|Any CPU
	EndGlobalSection
	GlobalSection(SolutionProperties) = preSolution
		HideSolutionNode = FALSE
	EndGlobalSection
	GlobalSection(NestedProjects) = preSolution
		{3AB6A399-E23E-49F8-9CAF-61EBBDF1747C} = {E8BF5185-9038-4A99-8EB1-9A3C2686D7AE}
	EndGlobalSection
	GlobalSection(ExtensibilityGlobals) = postSolution
		SolutionGuid = {64473010-77F2-4DEC-8CF3-1C4C25541E53}
	EndGlobalSection
EndGlobal
