
Microsoft Visual Studio Solution File, Format Version 12.00
# Visual Studio Version 16
VisualStudioVersion = 16.0.30717.126
MinimumVisualStudioVersion = 10.0.40219.1
Project("{FAE04EC0-301F-11D3-BF4B-00C04F79EFBC}") = "Xabbo.GEarth", "Xabbo.GEarth\Xabbo.GEarth.csproj", "{688CC1E7-8EF5-40F5-BFC3-62045BF13120}"
EndProject
Global
	GlobalSection(SolutionConfigurationPlatforms) = preSolution
		Debug|Any CPU = Debug|Any CPU
		Release|Any CPU = Release|Any CPU
	EndGlobalSection
	GlobalSection(ProjectConfigurationPlatforms) = postSolution
		{688CC1E7-8EF5-40F5-BFC3-62045BF13120}.Debug|Any CPU.ActiveCfg = Debug|Any CPU
		{688CC1E7-8EF5-40F5-BFC3-62045BF13120}.Debug|Any CPU.Build.0 = Debug|Any CPU
		{688CC1E7-8EF5-40F5-BFC3-62045BF13120}.Release|Any CPU.ActiveCfg = Release|Any CPU
		{688CC1E7-8EF5-40F5-BFC3-62045BF13120}.Release|Any CPU.Build.0 = Release|Any CPU
	EndGlobalSection
	GlobalSection(SolutionProperties) = preSolution
		HideSolutionNode = FALSE
	EndGlobalSection
	GlobalSection(ExtensibilityGlobals) = postSolution
		SolutionGuid = {64473010-77F2-4DEC-8CF3-1C4C25541E53}
	EndGlobalSection
EndGlobal
